
Microsoft Visual Studio Solution File, Format Version 12.00
# Visual Studio Version 17
VisualStudioVersion = 17.5.002.0
MinimumVisualStudioVersion = 10.0.40219.1
Project("{9A19103F-16F7-4668-BE54-9A1E7A4F7556}") = "Aplicaci-n-de-Remesas-Internacionales-con-Gesti-n-de-Transacciones-en-D-lares-y-Bitcoin", "Aplicaci-n-de-Remesas-Internacionales-con-Gesti-n-de-Transacciones-en-D-lares-y-Bitcoin.csproj", "{5C02E6F9-DDC2-4ABE-A861-6E3AA37FC229}"
EndProject
Global
	GlobalSection(SolutionConfigurationPlatforms) = preSolution
		Debug|Any CPU = Debug|Any CPU
		Release|Any CPU = Release|Any CPU
	EndGlobalSection
	GlobalSection(ProjectConfigurationPlatforms) = postSolution
		{5C02E6F9-DDC2-4ABE-A861-6E3AA37FC229}.Debug|Any CPU.ActiveCfg = Debug|Any CPU
		{5C02E6F9-DDC2-4ABE-A861-6E3AA37FC229}.Debug|Any CPU.Build.0 = Debug|Any CPU
		{5C02E6F9-DDC2-4ABE-A861-6E3AA37FC229}.Release|Any CPU.ActiveCfg = Release|Any CPU
		{5C02E6F9-DDC2-4ABE-A861-6E3AA37FC229}.Release|Any CPU.Build.0 = Release|Any CPU
	EndGlobalSection
	GlobalSection(SolutionProperties) = preSolution
		HideSolutionNode = FALSE
	EndGlobalSection
	GlobalSection(ExtensibilityGlobals) = postSolution
		SolutionGuid = {2A271C02-6C6B-4903-988E-AFADA3E14978}
	EndGlobalSection
EndGlobal
